{
  "name": "@warden-sk/design",
  "version": "1.33.0",
  "lockfileVersion": 3,
  "requires": true,
  "packages": {
    "": {
      "name": "@warden-sk/design",
      "version": "1.33.0",
      "devDependencies": {
        "@warden-sk/babel-plugin": "file:../babel-plugin",
        "csstype": "^3.1.1"
      }
    },
    "node_modules/@warden-sk/babel-plugin": {
      "version": "1.33.0",
      "resolved": "file:../babel-plugin",
      "dev": true
    },
    "node_modules/csstype": {
      "version": "3.1.1",
      "resolved": "https://registry.npmjs.org/csstype/-/csstype-3.1.1.tgz",
      "integrity": "sha512-DJR/VvkAvSZW9bTouZue2sSxDwdTN92uHjqeKVm+0dAqdfNykRzQ95tay8aXMBAAPpUiq4Qcug2L7neoRh2Egw==",
      "dev": true
    }
  }
}
