{
  "name": "@warden-sk/design",
  "version": "1.33.0",
  "lockfileVersion": 3,
  "requires": true,
  "packages": {
    "": {
      "name": "@warden-sk/design",
      "version": "1.33.0",
      "devDependencies": {
        "@warden-sk/babel-plugin": "file:../babel-plugin",
        "csstype": "^3.1.2"
      }
    },
    "../babel-plugin": {
      "version": "1.33.0",
      "dev": true,
      "devDependencies": {
        "@types/babel__core": "^7.20.1",
        "@warden-sk/design": "file:../design"
      }
    },
    "node_modules/@warden-sk/babel-plugin": {
      "resolved": "../babel-plugin",
      "link": true
    },
    "node_modules/csstype": {
      "version": "3.1.2",
      "resolved": "https://registry.npmjs.org/csstype/-/csstype-3.1.2.tgz",
      "integrity": "sha512-I7K1Uu0MBPzaFKg4nI5Q7Vs2t+3gWWW648spaF+Rg7pI9ds18Ugn+lvg4SHczUdKlHI5LWBXyqfS8+DufyBsgQ==",
      "dev": true
    }
  }
}
